
Microsoft Visual Studio Solution File, Format Version 12.00
# Visual Studio Version 16
VisualStudioVersion = 16.0.31702.278
MinimumVisualStudioVersion = 10.0.40219.1
Project("{FAE04EC0-301F-11D3-BF4B-00C04F79EFBC}") = "LojaVeiculos", "LojaVeiculos\LojaVeiculos.csproj", "{EFE8F858-DB7E-4A8B-9207-2C041CD88CD5}"
EndProject
Global
	GlobalSection(SolutionConfigurationPlatforms) = preSolution
		Debug|Any CPU = Debug|Any CPU
		Release|Any CPU = Release|Any CPU
	EndGlobalSection
	GlobalSection(ProjectConfigurationPlatforms) = postSolution
		{EFE8F858-DB7E-4A8B-9207-2C041CD88CD5}.Debug|Any CPU.ActiveCfg = Debug|Any CPU
		{EFE8F858-DB7E-4A8B-9207-2C041CD88CD5}.Debug|Any CPU.Build.0 = Debug|Any CPU
		{EFE8F858-DB7E-4A8B-9207-2C041CD88CD5}.Release|Any CPU.ActiveCfg = Release|Any CPU
		{EFE8F858-DB7E-4A8B-9207-2C041CD88CD5}.Release|Any CPU.Build.0 = Release|Any CPU
	EndGlobalSection
	GlobalSection(SolutionProperties) = preSolution
		HideSolutionNode = FALSE
	EndGlobalSection
	GlobalSection(ExtensibilityGlobals) = postSolution
		SolutionGuid = {FE0B76EB-988C-409D-B456-44CD87F3622C}
	EndGlobalSection
EndGlobal
